
Microsoft Visual Studio Solution File, Format Version 12.00
# Visual Studio Version 17
VisualStudioVersion = 17.0.31903.59
MinimumVisualStudioVersion = 10.0.40219.1
Project("{FAE04EC0-301F-11D3-BF4B-00C04F79EFBC}") = "VCardManager.Core", "VCardManager.Core\VCardManager.Core.csproj", "{14EB3DA5-4535-4084-BA56-E5ABDF91B51E}"
EndProject
Project("{FAE04EC0-301F-11D3-BF4B-00C04F79EFBC}") = "VCardManager.CLI", "VCardManager.CLI\VCardManager.CLI.csproj", "{4F4D2236-ACCB-4385-8EED-32DF3C54C0AB}"
EndProject
Project("{FAE04EC0-301F-11D3-BF4B-00C04F79EFBC}") = "VCardManager.Tests", "VCardManager.Tests\VCardManager.Tests.csproj", "{AB76C567-AD55-4E00-B49B-F6F64970B25A}"
EndProject
Global
	GlobalSection(SolutionConfigurationPlatforms) = preSolution
		Debug|Any CPU = Debug|Any CPU
		Debug|x64 = Debug|x64
		Debug|x86 = Debug|x86
		Release|Any CPU = Release|Any CPU
		Release|x64 = Release|x64
		Release|x86 = Release|x86
	EndGlobalSection
	GlobalSection(ProjectConfigurationPlatforms) = postSolution
		{14EB3DA5-4535-4084-BA56-E5ABDF91B51E}.Debug|Any CPU.ActiveCfg = Debug|Any CPU
		{14EB3DA5-4535-4084-BA56-E5ABDF91B51E}.Debug|Any CPU.Build.0 = Debug|Any CPU
		{14EB3DA5-4535-4084-BA56-E5ABDF91B51E}.Debug|x64.ActiveCfg = Debug|Any CPU
		{14EB3DA5-4535-4084-BA56-E5ABDF91B51E}.Debug|x64.Build.0 = Debug|Any CPU
		{14EB3DA5-4535-4084-BA56-E5ABDF91B51E}.Debug|x86.ActiveCfg = Debug|Any CPU
		{14EB3DA5-4535-4084-BA56-E5ABDF91B51E}.Debug|x86.Build.0 = Debug|Any CPU
		{14EB3DA5-4535-4084-BA56-E5ABDF91B51E}.Release|Any CPU.ActiveCfg = Release|Any CPU
		{14EB3DA5-4535-4084-BA56-E5ABDF91B51E}.Release|Any CPU.Build.0 = Release|Any CPU
		{14EB3DA5-4535-4084-BA56-E5ABDF91B51E}.Release|x64.ActiveCfg = Release|Any CPU
		{14EB3DA5-4535-4084-BA56-E5ABDF91B51E}.Release|x64.Build.0 = Release|Any CPU
		{14EB3DA5-4535-4084-BA56-E5ABDF91B51E}.Release|x86.ActiveCfg = Release|Any CPU
		{14EB3DA5-4535-4084-BA56-E5ABDF91B51E}.Release|x86.Build.0 = Release|Any CPU
		{4F4D2236-ACCB-4385-8EED-32DF3C54C0AB}.Debug|Any CPU.ActiveCfg = Debug|Any CPU
		{4F4D2236-ACCB-4385-8EED-32DF3C54C0AB}.Debug|Any CPU.Build.0 = Debug|Any CPU
		{4F4D2236-ACCB-4385-8EED-32DF3C54C0AB}.Debug|x64.ActiveCfg = Debug|Any CPU
		{4F4D2236-ACCB-4385-8EED-32DF3C54C0AB}.Debug|x64.Build.0 = Debug|Any CPU
		{4F4D2236-ACCB-4385-8EED-32DF3C54C0AB}.Debug|x86.ActiveCfg = Debug|Any CPU
		{4F4D2236-ACCB-4385-8EED-32DF3C54C0AB}.Debug|x86.Build.0 = Debug|Any CPU
		{4F4D2236-ACCB-4385-8EED-32DF3C54C0AB}.Release|Any CPU.ActiveCfg = Release|Any CPU
		{4F4D2236-ACCB-4385-8EED-32DF3C54C0AB}.Release|Any CPU.Build.0 = Release|Any CPU
		{4F4D2236-ACCB-4385-8EED-32DF3C54C0AB}.Release|x64.ActiveCfg = Release|Any CPU
		{4F4D2236-ACCB-4385-8EED-32DF3C54C0AB}.Release|x64.Build.0 = Release|Any CPU
		{4F4D2236-ACCB-4385-8EED-32DF3C54C0AB}.Release|x86.ActiveCfg = Release|Any CPU
		{4F4D2236-ACCB-4385-8EED-32DF3C54C0AB}.Release|x86.Build.0 = Release|Any CPU
		{AB76C567-AD55-4E00-B49B-F6F64970B25A}.Debug|Any CPU.ActiveCfg = Debug|Any CPU
		{AB76C567-AD55-4E00-B49B-F6F64970B25A}.Debug|Any CPU.Build.0 = Debug|Any CPU
		{AB76C567-AD55-4E00-B49B-F6F64970B25A}.Debug|x64.ActiveCfg = Debug|Any CPU
		{AB76C567-AD55-4E00-B49B-F6F64970B25A}.Debug|x64.Build.0 = Debug|Any CPU
		{AB76C567-AD55-4E00-B49B-F6F64970B25A}.Debug|x86.ActiveCfg = Debug|Any CPU
		{AB76C567-AD55-4E00-B49B-F6F64970B25A}.Debug|x86.Build.0 = Debug|Any CPU
		{AB76C567-AD55-4E00-B49B-F6F64970B25A}.Release|Any CPU.ActiveCfg = Release|Any CPU
		{AB76C567-AD55-4E00-B49B-F6F64970B25A}.Release|Any CPU.Build.0 = Release|Any CPU
		{AB76C567-AD55-4E00-B49B-F6F64970B25A}.Release|x64.ActiveCfg = Release|Any CPU
		{AB76C567-AD55-4E00-B49B-F6F64970B25A}.Release|x64.Build.0 = Release|Any CPU
		{AB76C567-AD55-4E00-B49B-F6F64970B25A}.Release|x86.ActiveCfg = Release|Any CPU
		{AB76C567-AD55-4E00-B49B-F6F64970B25A}.Release|x86.Build.0 = Release|Any CPU
	EndGlobalSection
	GlobalSection(SolutionProperties) = preSolution
		HideSolutionNode = FALSE
	EndGlobalSection
EndGlobal
